
Microsoft Visual Studio Solution File, Format Version 12.00
# Visual Studio 15
VisualStudioVersion = 15.0.28010.2050
MinimumVisualStudioVersion = 10.0.40219.1
Project("{FAE04EC0-301F-11D3-BF4B-00C04F79EFBC}") = "nypodev", "nypodev\nypodev.csproj", "{64125FF6-40DD-47A4-9606-47641EC691DC}"
EndProject
Global
	GlobalSection(SolutionConfigurationPlatforms) = preSolution
		Debug|Any CPU = Debug|Any CPU
		Release|Any CPU = Release|Any CPU
	EndGlobalSection
	GlobalSection(ProjectConfigurationPlatforms) = postSolution
		{64125FF6-40DD-47A4-9606-47641EC691DC}.Debug|Any CPU.ActiveCfg = Debug|Any CPU
		{64125FF6-40DD-47A4-9606-47641EC691DC}.Debug|Any CPU.Build.0 = Debug|Any CPU
		{64125FF6-40DD-47A4-9606-47641EC691DC}.Release|Any CPU.ActiveCfg = Release|Any CPU
		{64125FF6-40DD-47A4-9606-47641EC691DC}.Release|Any CPU.Build.0 = Release|Any CPU
	EndGlobalSection
	GlobalSection(SolutionProperties) = preSolution
		HideSolutionNode = FALSE
	EndGlobalSection
	GlobalSection(ExtensibilityGlobals) = postSolution
		SolutionGuid = {654A5FF1-F2F1-45A9-A230-EBDA2B5C3482}
	EndGlobalSection
EndGlobal
